
Microsoft Visual Studio Solution File, Format Version 11.00
# Visual Studio 2010
Project("{FAE04EC0-301F-11D3-BF4B-00C04F79EFBC}") = "WinForms", "WinForms\WinForms.csproj", "{43431974-4EEC-4C34-8192-9EFD9810EBF9}"
EndProject
Project("{2150E333-8FDC-42A3-9474-1A3956D46DE8}") = "UnitTests", "UnitTests", "{05B0557D-B8E0-4E3B-A8E5-DF5AA532B855}"
EndProject
Project("{FAE04EC0-301F-11D3-BF4B-00C04F79EFBC}") = "Games", "Games\Games.csproj", "{64D19F3D-8E22-4C9A-9CCD-868AEB45D5C6}"
EndProject
Project("{FAE04EC0-301F-11D3-BF4B-00C04F79EFBC}") = "GamesUnitTests", "GamesUnitTests\GamesUnitTests.csproj", "{2C9D5D23-1A5B-4FE6-96BB-284506F429CB}"
EndProject
Project("{2150E333-8FDC-42A3-9474-1A3956D46DE8}") = ".nuget", ".nuget", "{1A84111D-9799-4593-B339-125AC2A04FEF}"
	ProjectSection(SolutionItems) = preProject
		.nuget\NuGet.Config = .nuget\NuGet.Config
		.nuget\NuGet.exe = .nuget\NuGet.exe
		.nuget\NuGet.targets = .nuget\NuGet.targets
	EndProjectSection
EndProject
Project("{2150E333-8FDC-42A3-9474-1A3956D46DE8}") = "The Onion Architecture", "The Onion Architecture", "{CD086AF4-FBD2-40BA-AAB7-A10E7180D64F}"
EndProject
Project("{FAE04EC0-301F-11D3-BF4B-00C04F79EFBC}") = "Subasta.Domain", "Subasta.Domain\Subasta.Domain.csproj", "{520BE732-4321-4BC1-8182-FF44B5215C5C}"
EndProject
Project("{FAE04EC0-301F-11D3-BF4B-00C04F79EFBC}") = "Subasta.DomainServices", "Subasta.DomainServices\Subasta.DomainServices.csproj", "{B492A802-DD38-4F46-8911-7DF5509EE240}"
EndProject
Project("{FAE04EC0-301F-11D3-BF4B-00C04F79EFBC}") = "Subasta.ApplicationServices", "Subasta.ApplicationServices\Subasta.ApplicationServices.csproj", "{92CF3196-0EBB-4C8C-8E6A-EE07FC3556F7}"
EndProject
Project("{FAE04EC0-301F-11D3-BF4B-00C04F79EFBC}") = "Subasta.Infrastructure", "Subasta.Infrastructure\Subasta.Infrastructure.csproj", "{9115547E-2CB4-457D-9D09-678EB35D9A93}"
EndProject
Global
	GlobalSection(SolutionConfigurationPlatforms) = preSolution
		Debug|Any CPU = Debug|Any CPU
		Debug|Mixed Platforms = Debug|Mixed Platforms
		Debug|x86 = Debug|x86
		Release|Any CPU = Release|Any CPU
		Release|Mixed Platforms = Release|Mixed Platforms
		Release|x86 = Release|x86
	EndGlobalSection
	GlobalSection(ProjectConfigurationPlatforms) = postSolution
		{43431974-4EEC-4C34-8192-9EFD9810EBF9}.Debug|Any CPU.ActiveCfg = Debug|x86
		{43431974-4EEC-4C34-8192-9EFD9810EBF9}.Debug|Mixed Platforms.ActiveCfg = Debug|x86
		{43431974-4EEC-4C34-8192-9EFD9810EBF9}.Debug|Mixed Platforms.Build.0 = Debug|x86
		{43431974-4EEC-4C34-8192-9EFD9810EBF9}.Debug|x86.ActiveCfg = Debug|x86
		{43431974-4EEC-4C34-8192-9EFD9810EBF9}.Debug|x86.Build.0 = Debug|x86
		{43431974-4EEC-4C34-8192-9EFD9810EBF9}.Release|Any CPU.ActiveCfg = Release|x86
		{43431974-4EEC-4C34-8192-9EFD9810EBF9}.Release|Mixed Platforms.ActiveCfg = Release|x86
		{43431974-4EEC-4C34-8192-9EFD9810EBF9}.Release|Mixed Platforms.Build.0 = Release|x86
		{43431974-4EEC-4C34-8192-9EFD9810EBF9}.Release|x86.ActiveCfg = Release|x86
		{43431974-4EEC-4C34-8192-9EFD9810EBF9}.Release|x86.Build.0 = Release|x86
		{64D19F3D-8E22-4C9A-9CCD-868AEB45D5C6}.Debug|Any CPU.ActiveCfg = Debug|Any CPU
		{64D19F3D-8E22-4C9A-9CCD-868AEB45D5C6}.Debug|Any CPU.Build.0 = Debug|Any CPU
		{64D19F3D-8E22-4C9A-9CCD-868AEB45D5C6}.Debug|Mixed Platforms.ActiveCfg = Debug|Any CPU
		{64D19F3D-8E22-4C9A-9CCD-868AEB45D5C6}.Debug|Mixed Platforms.Build.0 = Debug|Any CPU
		{64D19F3D-8E22-4C9A-9CCD-868AEB45D5C6}.Debug|x86.ActiveCfg = Debug|Any CPU
		{64D19F3D-8E22-4C9A-9CCD-868AEB45D5C6}.Release|Any CPU.ActiveCfg = Release|Any CPU
		{64D19F3D-8E22-4C9A-9CCD-868AEB45D5C6}.Release|Any CPU.Build.0 = Release|Any CPU
		{64D19F3D-8E22-4C9A-9CCD-868AEB45D5C6}.Release|Mixed Platforms.ActiveCfg = Release|Any CPU
		{64D19F3D-8E22-4C9A-9CCD-868AEB45D5C6}.Release|Mixed Platforms.Build.0 = Release|Any CPU
		{64D19F3D-8E22-4C9A-9CCD-868AEB45D5C6}.Release|x86.ActiveCfg = Release|Any CPU
		{2C9D5D23-1A5B-4FE6-96BB-284506F429CB}.Debug|Any CPU.ActiveCfg = Debug|Any CPU
		{2C9D5D23-1A5B-4FE6-96BB-284506F429CB}.Debug|Any CPU.Build.0 = Debug|Any CPU
		{2C9D5D23-1A5B-4FE6-96BB-284506F429CB}.Debug|Mixed Platforms.ActiveCfg = Debug|Any CPU
		{2C9D5D23-1A5B-4FE6-96BB-284506F429CB}.Debug|Mixed Platforms.Build.0 = Debug|Any CPU
		{2C9D5D23-1A5B-4FE6-96BB-284506F429CB}.Debug|x86.ActiveCfg = Debug|Any CPU
		{2C9D5D23-1A5B-4FE6-96BB-284506F429CB}.Release|Any CPU.ActiveCfg = Release|Any CPU
		{2C9D5D23-1A5B-4FE6-96BB-284506F429CB}.Release|Any CPU.Build.0 = Release|Any CPU
		{2C9D5D23-1A5B-4FE6-96BB-284506F429CB}.Release|Mixed Platforms.ActiveCfg = Release|Any CPU
		{2C9D5D23-1A5B-4FE6-96BB-284506F429CB}.Release|Mixed Platforms.Build.0 = Release|Any CPU
		{2C9D5D23-1A5B-4FE6-96BB-284506F429CB}.Release|x86.ActiveCfg = Release|Any CPU
		{520BE732-4321-4BC1-8182-FF44B5215C5C}.Debug|Any CPU.ActiveCfg = Debug|Any CPU
		{520BE732-4321-4BC1-8182-FF44B5215C5C}.Debug|Any CPU.Build.0 = Debug|Any CPU
		{520BE732-4321-4BC1-8182-FF44B5215C5C}.Debug|Mixed Platforms.ActiveCfg = Debug|Any CPU
		{520BE732-4321-4BC1-8182-FF44B5215C5C}.Debug|Mixed Platforms.Build.0 = Debug|Any CPU
		{520BE732-4321-4BC1-8182-FF44B5215C5C}.Debug|x86.ActiveCfg = Debug|Any CPU
		{520BE732-4321-4BC1-8182-FF44B5215C5C}.Release|Any CPU.ActiveCfg = Release|Any CPU
		{520BE732-4321-4BC1-8182-FF44B5215C5C}.Release|Any CPU.Build.0 = Release|Any CPU
		{520BE732-4321-4BC1-8182-FF44B5215C5C}.Release|Mixed Platforms.ActiveCfg = Release|Any CPU
		{520BE732-4321-4BC1-8182-FF44B5215C5C}.Release|Mixed Platforms.Build.0 = Release|Any CPU
		{520BE732-4321-4BC1-8182-FF44B5215C5C}.Release|x86.ActiveCfg = Release|Any CPU
		{B492A802-DD38-4F46-8911-7DF5509EE240}.Debug|Any CPU.ActiveCfg = Debug|Any CPU
		{B492A802-DD38-4F46-8911-7DF5509EE240}.Debug|Any CPU.Build.0 = Debug|Any CPU
		{B492A802-DD38-4F46-8911-7DF5509EE240}.Debug|Mixed Platforms.ActiveCfg = Debug|Any CPU
		{B492A802-DD38-4F46-8911-7DF5509EE240}.Debug|Mixed Platforms.Build.0 = Debug|Any CPU
		{B492A802-DD38-4F46-8911-7DF5509EE240}.Debug|x86.ActiveCfg = Debug|Any CPU
		{B492A802-DD38-4F46-8911-7DF5509EE240}.Release|Any CPU.ActiveCfg = Release|Any CPU
		{B492A802-DD38-4F46-8911-7DF5509EE240}.Release|Any CPU.Build.0 = Release|Any CPU
		{B492A802-DD38-4F46-8911-7DF5509EE240}.Release|Mixed Platforms.ActiveCfg = Release|Any CPU
		{B492A802-DD38-4F46-8911-7DF5509EE240}.Release|Mixed Platforms.Build.0 = Release|Any CPU
		{B492A802-DD38-4F46-8911-7DF5509EE240}.Release|x86.ActiveCfg = Release|Any CPU
		{92CF3196-0EBB-4C8C-8E6A-EE07FC3556F7}.Debug|Any CPU.ActiveCfg = Debug|Any CPU
		{92CF3196-0EBB-4C8C-8E6A-EE07FC3556F7}.Debug|Any CPU.Build.0 = Debug|Any CPU
		{92CF3196-0EBB-4C8C-8E6A-EE07FC3556F7}.Debug|Mixed Platforms.ActiveCfg = Debug|Any CPU
		{92CF3196-0EBB-4C8C-8E6A-EE07FC3556F7}.Debug|Mixed Platforms.Build.0 = Debug|Any CPU
		{92CF3196-0EBB-4C8C-8E6A-EE07FC3556F7}.Debug|x86.ActiveCfg = Debug|Any CPU
		{92CF3196-0EBB-4C8C-8E6A-EE07FC3556F7}.Release|Any CPU.ActiveCfg = Release|Any CPU
		{92CF3196-0EBB-4C8C-8E6A-EE07FC3556F7}.Release|Any CPU.Build.0 = Release|Any CPU
		{92CF3196-0EBB-4C8C-8E6A-EE07FC3556F7}.Release|Mixed Platforms.ActiveCfg = Release|Any CPU
		{92CF3196-0EBB-4C8C-8E6A-EE07FC3556F7}.Release|Mixed Platforms.Build.0 = Release|Any CPU
		{92CF3196-0EBB-4C8C-8E6A-EE07FC3556F7}.Release|x86.ActiveCfg = Release|Any CPU
		{9115547E-2CB4-457D-9D09-678EB35D9A93}.Debug|Any CPU.ActiveCfg = Debug|Any CPU
		{9115547E-2CB4-457D-9D09-678EB35D9A93}.Debug|Any CPU.Build.0 = Debug|Any CPU
		{9115547E-2CB4-457D-9D09-678EB35D9A93}.Debug|Mixed Platforms.ActiveCfg = Debug|Any CPU
		{9115547E-2CB4-457D-9D09-678EB35D9A93}.Debug|Mixed Platforms.Build.0 = Debug|Any CPU
		{9115547E-2CB4-457D-9D09-678EB35D9A93}.Debug|x86.ActiveCfg = Debug|Any CPU
		{9115547E-2CB4-457D-9D09-678EB35D9A93}.Release|Any CPU.ActiveCfg = Release|Any CPU
		{9115547E-2CB4-457D-9D09-678EB35D9A93}.Release|Any CPU.Build.0 = Release|Any CPU
		{9115547E-2CB4-457D-9D09-678EB35D9A93}.Release|Mixed Platforms.ActiveCfg = Release|Any CPU
		{9115547E-2CB4-457D-9D09-678EB35D9A93}.Release|Mixed Platforms.Build.0 = Release|Any CPU
		{9115547E-2CB4-457D-9D09-678EB35D9A93}.Release|x86.ActiveCfg = Release|Any CPU
	EndGlobalSection
	GlobalSection(SolutionProperties) = preSolution
		HideSolutionNode = FALSE
	EndGlobalSection
	GlobalSection(NestedProjects) = preSolution
		{2C9D5D23-1A5B-4FE6-96BB-284506F429CB} = {05B0557D-B8E0-4E3B-A8E5-DF5AA532B855}
		{520BE732-4321-4BC1-8182-FF44B5215C5C} = {CD086AF4-FBD2-40BA-AAB7-A10E7180D64F}
		{B492A802-DD38-4F46-8911-7DF5509EE240} = {CD086AF4-FBD2-40BA-AAB7-A10E7180D64F}
		{92CF3196-0EBB-4C8C-8E6A-EE07FC3556F7} = {CD086AF4-FBD2-40BA-AAB7-A10E7180D64F}
		{9115547E-2CB4-457D-9D09-678EB35D9A93} = {CD086AF4-FBD2-40BA-AAB7-A10E7180D64F}
	EndGlobalSection
EndGlobal
