
Microsoft Visual Studio Solution File, Format Version 11.00
# Visual Studio 2010
Project("{2150E333-8FDC-42A3-9474-1A3956D46DE8}") = "UnitTests", "UnitTests", "{05B0557D-B8E0-4E3B-A8E5-DF5AA532B855}"
EndProject
Project("{2150E333-8FDC-42A3-9474-1A3956D46DE8}") = ".nuget", ".nuget", "{1A84111D-9799-4593-B339-125AC2A04FEF}"
	ProjectSection(SolutionItems) = preProject
		.nuget\NuGet.Config = .nuget\NuGet.Config
		.nuget\NuGet.exe = .nuget\NuGet.exe
		.nuget\NuGet.targets = .nuget\NuGet.targets
	EndProjectSection
EndProject
Project("{2150E333-8FDC-42A3-9474-1A3956D46DE8}") = "The Onion Architecture", "The Onion Architecture", "{CD086AF4-FBD2-40BA-AAB7-A10E7180D64F}"
EndProject
Project("{FAE04EC0-301F-11D3-BF4B-00C04F79EFBC}") = "Subasta.Domain", "Subasta.Domain\Subasta.Domain.csproj", "{520BE732-4321-4BC1-8182-FF44B5215C5C}"
EndProject
Project("{FAE04EC0-301F-11D3-BF4B-00C04F79EFBC}") = "Subasta.DomainServices", "Subasta.DomainServices\Subasta.DomainServices.csproj", "{B492A802-DD38-4F46-8911-7DF5509EE240}"
EndProject
Project("{FAE04EC0-301F-11D3-BF4B-00C04F79EFBC}") = "Subasta.ApplicationServices", "Subasta.ApplicationServices\Subasta.ApplicationServices.csproj", "{92CF3196-0EBB-4C8C-8E6A-EE07FC3556F7}"
EndProject
Project("{FAE04EC0-301F-11D3-BF4B-00C04F79EFBC}") = "Subasta.Infrastructure", "Subasta.Infrastructure\Subasta.Infrastructure.csproj", "{9115547E-2CB4-457D-9D09-678EB35D9A93}"
EndProject
Project("{FAE04EC0-301F-11D3-BF4B-00C04F79EFBC}") = "Subasta.Infrastructure.UnitTests", "Subasta.Infrastructure.UnitTests\Subasta.Infrastructure.UnitTests.csproj", "{92958A65-1F65-4B36-83C3-6FCA4F984B1F}"
EndProject
Project("{FAE04EC0-301F-11D3-BF4B-00C04F79EFBC}") = "Subasta.DomainServices.DataAccess.Sqlite", "Subasta.DomainServices.DataAccess.Sqlite\Subasta.DomainServices.DataAccess.Sqlite.csproj", "{E3038A36-FB06-42B0-B1B4-713E92E329ED}"
EndProject
Project("{FAE04EC0-301F-11D3-BF4B-00C04F79EFBC}") = "Subasta.DomainServices.DataAccess.Sqlite.UnitTests", "Subasta.DomainServices.DataAccess.Sqlite.UnitTests\Subasta.DomainServices.DataAccess.Sqlite.UnitTests.csproj", "{EE06499D-FB9F-4F57-80FF-038E0740C737}"
EndProject
Project("{FAE04EC0-301F-11D3-BF4B-00C04F79EFBC}") = "Subasta.Api", "Subasta.Api\Subasta.Api.csproj", "{91EFF920-5E31-449A-9720-414025749209}"
EndProject
Project("{FAE04EC0-301F-11D3-BF4B-00C04F79EFBC}") = "Subasta.IntegrationTests", "Subasta.IntegrationTests\Subasta.IntegrationTests.csproj", "{B5A4C93E-234E-4C39-BF4C-4C3FD4A8EF3B}"
EndProject
Project("{2150E333-8FDC-42A3-9474-1A3956D46DE8}") = "Clients", "Clients", "{940ECE13-3D1D-414F-8059-26376387CA6D}"
EndProject
Project("{FAE04EC0-301F-11D3-BF4B-00C04F79EFBC}") = "ConsoleApp", "ConsoleApp\ConsoleApp.csproj", "{53370571-D091-4945-A1B3-D6FDEA04C267}"
EndProject
Project("{FAE04EC0-301F-11D3-BF4B-00C04F79EFBC}") = "Subasta.Infrastructure.IoC", "Subasta.Infrastructure.IoC\Subasta.Infrastructure.IoC.csproj", "{AAFEE9CA-08B2-4350-BE9D-E1314DBDA065}"
EndProject
Project("{FAE04EC0-301F-11D3-BF4B-00C04F79EFBC}") = "Subasta.Client.Common", "Subasta.Client.Common\Subasta.Client.Common.csproj", "{0E6B1007-B57B-4AEC-8EB7-CC9177F08BE7}"
EndProject
Project("{FAE04EC0-301F-11D3-BF4B-00C04F79EFBC}") = "Analyzer", "Analyzer\Analyzer.csproj", "{E3472C08-F7CC-42A2-B7E9-3DEF7885BC33}"
EndProject
Project("{FAE04EC0-301F-11D3-BF4B-00C04F79EFBC}") = "Subasta.DomainServices.Game", "Subasta.DomainServices.Game\Subasta.DomainServices.Game.csproj", "{4702AC79-58F8-4FC1-ABC4-840DED791F48}"
EndProject
Global
	GlobalSection(SolutionConfigurationPlatforms) = preSolution
		Debug|Any CPU = Debug|Any CPU
		Debug|Mixed Platforms = Debug|Mixed Platforms
		Debug|x86 = Debug|x86
		Release|Any CPU = Release|Any CPU
		Release|Mixed Platforms = Release|Mixed Platforms
		Release|x86 = Release|x86
	EndGlobalSection
	GlobalSection(ProjectConfigurationPlatforms) = postSolution
		{520BE732-4321-4BC1-8182-FF44B5215C5C}.Debug|Any CPU.ActiveCfg = Debug|Any CPU
		{520BE732-4321-4BC1-8182-FF44B5215C5C}.Debug|Any CPU.Build.0 = Debug|Any CPU
		{520BE732-4321-4BC1-8182-FF44B5215C5C}.Debug|Mixed Platforms.ActiveCfg = Debug|Any CPU
		{520BE732-4321-4BC1-8182-FF44B5215C5C}.Debug|Mixed Platforms.Build.0 = Debug|Any CPU
		{520BE732-4321-4BC1-8182-FF44B5215C5C}.Debug|x86.ActiveCfg = Debug|Any CPU
		{520BE732-4321-4BC1-8182-FF44B5215C5C}.Release|Any CPU.ActiveCfg = Release|Any CPU
		{520BE732-4321-4BC1-8182-FF44B5215C5C}.Release|Any CPU.Build.0 = Release|Any CPU
		{520BE732-4321-4BC1-8182-FF44B5215C5C}.Release|Mixed Platforms.ActiveCfg = Release|Any CPU
		{520BE732-4321-4BC1-8182-FF44B5215C5C}.Release|Mixed Platforms.Build.0 = Release|Any CPU
		{520BE732-4321-4BC1-8182-FF44B5215C5C}.Release|x86.ActiveCfg = Release|Any CPU
		{B492A802-DD38-4F46-8911-7DF5509EE240}.Debug|Any CPU.ActiveCfg = Debug|Any CPU
		{B492A802-DD38-4F46-8911-7DF5509EE240}.Debug|Any CPU.Build.0 = Debug|Any CPU
		{B492A802-DD38-4F46-8911-7DF5509EE240}.Debug|Mixed Platforms.ActiveCfg = Debug|Any CPU
		{B492A802-DD38-4F46-8911-7DF5509EE240}.Debug|Mixed Platforms.Build.0 = Debug|Any CPU
		{B492A802-DD38-4F46-8911-7DF5509EE240}.Debug|x86.ActiveCfg = Debug|Any CPU
		{B492A802-DD38-4F46-8911-7DF5509EE240}.Release|Any CPU.ActiveCfg = Release|Any CPU
		{B492A802-DD38-4F46-8911-7DF5509EE240}.Release|Any CPU.Build.0 = Release|Any CPU
		{B492A802-DD38-4F46-8911-7DF5509EE240}.Release|Mixed Platforms.ActiveCfg = Release|Any CPU
		{B492A802-DD38-4F46-8911-7DF5509EE240}.Release|Mixed Platforms.Build.0 = Release|Any CPU
		{B492A802-DD38-4F46-8911-7DF5509EE240}.Release|x86.ActiveCfg = Release|Any CPU
		{92CF3196-0EBB-4C8C-8E6A-EE07FC3556F7}.Debug|Any CPU.ActiveCfg = Debug|Any CPU
		{92CF3196-0EBB-4C8C-8E6A-EE07FC3556F7}.Debug|Any CPU.Build.0 = Debug|Any CPU
		{92CF3196-0EBB-4C8C-8E6A-EE07FC3556F7}.Debug|Mixed Platforms.ActiveCfg = Debug|Any CPU
		{92CF3196-0EBB-4C8C-8E6A-EE07FC3556F7}.Debug|Mixed Platforms.Build.0 = Debug|Any CPU
		{92CF3196-0EBB-4C8C-8E6A-EE07FC3556F7}.Debug|x86.ActiveCfg = Debug|Any CPU
		{92CF3196-0EBB-4C8C-8E6A-EE07FC3556F7}.Release|Any CPU.ActiveCfg = Release|Any CPU
		{92CF3196-0EBB-4C8C-8E6A-EE07FC3556F7}.Release|Any CPU.Build.0 = Release|Any CPU
		{92CF3196-0EBB-4C8C-8E6A-EE07FC3556F7}.Release|Mixed Platforms.ActiveCfg = Release|Any CPU
		{92CF3196-0EBB-4C8C-8E6A-EE07FC3556F7}.Release|Mixed Platforms.Build.0 = Release|Any CPU
		{92CF3196-0EBB-4C8C-8E6A-EE07FC3556F7}.Release|x86.ActiveCfg = Release|Any CPU
		{9115547E-2CB4-457D-9D09-678EB35D9A93}.Debug|Any CPU.ActiveCfg = Debug|Any CPU
		{9115547E-2CB4-457D-9D09-678EB35D9A93}.Debug|Any CPU.Build.0 = Debug|Any CPU
		{9115547E-2CB4-457D-9D09-678EB35D9A93}.Debug|Mixed Platforms.ActiveCfg = Debug|Any CPU
		{9115547E-2CB4-457D-9D09-678EB35D9A93}.Debug|Mixed Platforms.Build.0 = Debug|Any CPU
		{9115547E-2CB4-457D-9D09-678EB35D9A93}.Debug|x86.ActiveCfg = Debug|Any CPU
		{9115547E-2CB4-457D-9D09-678EB35D9A93}.Release|Any CPU.ActiveCfg = Release|Any CPU
		{9115547E-2CB4-457D-9D09-678EB35D9A93}.Release|Any CPU.Build.0 = Release|Any CPU
		{9115547E-2CB4-457D-9D09-678EB35D9A93}.Release|Mixed Platforms.ActiveCfg = Release|Any CPU
		{9115547E-2CB4-457D-9D09-678EB35D9A93}.Release|Mixed Platforms.Build.0 = Release|Any CPU
		{9115547E-2CB4-457D-9D09-678EB35D9A93}.Release|x86.ActiveCfg = Release|Any CPU
		{92958A65-1F65-4B36-83C3-6FCA4F984B1F}.Debug|Any CPU.ActiveCfg = Debug|Any CPU
		{92958A65-1F65-4B36-83C3-6FCA4F984B1F}.Debug|Any CPU.Build.0 = Debug|Any CPU
		{92958A65-1F65-4B36-83C3-6FCA4F984B1F}.Debug|Mixed Platforms.ActiveCfg = Debug|Any CPU
		{92958A65-1F65-4B36-83C3-6FCA4F984B1F}.Debug|Mixed Platforms.Build.0 = Debug|Any CPU
		{92958A65-1F65-4B36-83C3-6FCA4F984B1F}.Debug|x86.ActiveCfg = Debug|Any CPU
		{92958A65-1F65-4B36-83C3-6FCA4F984B1F}.Release|Any CPU.ActiveCfg = Release|Any CPU
		{92958A65-1F65-4B36-83C3-6FCA4F984B1F}.Release|Any CPU.Build.0 = Release|Any CPU
		{92958A65-1F65-4B36-83C3-6FCA4F984B1F}.Release|Mixed Platforms.ActiveCfg = Release|Any CPU
		{92958A65-1F65-4B36-83C3-6FCA4F984B1F}.Release|Mixed Platforms.Build.0 = Release|Any CPU
		{92958A65-1F65-4B36-83C3-6FCA4F984B1F}.Release|x86.ActiveCfg = Release|Any CPU
		{E3038A36-FB06-42B0-B1B4-713E92E329ED}.Debug|Any CPU.ActiveCfg = Debug|Any CPU
		{E3038A36-FB06-42B0-B1B4-713E92E329ED}.Debug|Any CPU.Build.0 = Debug|Any CPU
		{E3038A36-FB06-42B0-B1B4-713E92E329ED}.Debug|Mixed Platforms.ActiveCfg = Debug|Any CPU
		{E3038A36-FB06-42B0-B1B4-713E92E329ED}.Debug|Mixed Platforms.Build.0 = Debug|Any CPU
		{E3038A36-FB06-42B0-B1B4-713E92E329ED}.Debug|x86.ActiveCfg = Debug|Any CPU
		{E3038A36-FB06-42B0-B1B4-713E92E329ED}.Release|Any CPU.ActiveCfg = Release|Any CPU
		{E3038A36-FB06-42B0-B1B4-713E92E329ED}.Release|Any CPU.Build.0 = Release|Any CPU
		{E3038A36-FB06-42B0-B1B4-713E92E329ED}.Release|Mixed Platforms.ActiveCfg = Release|Any CPU
		{E3038A36-FB06-42B0-B1B4-713E92E329ED}.Release|Mixed Platforms.Build.0 = Release|Any CPU
		{E3038A36-FB06-42B0-B1B4-713E92E329ED}.Release|x86.ActiveCfg = Release|Any CPU
		{EE06499D-FB9F-4F57-80FF-038E0740C737}.Debug|Any CPU.ActiveCfg = Debug|Any CPU
		{EE06499D-FB9F-4F57-80FF-038E0740C737}.Debug|Any CPU.Build.0 = Debug|Any CPU
		{EE06499D-FB9F-4F57-80FF-038E0740C737}.Debug|Mixed Platforms.ActiveCfg = Debug|Any CPU
		{EE06499D-FB9F-4F57-80FF-038E0740C737}.Debug|Mixed Platforms.Build.0 = Debug|Any CPU
		{EE06499D-FB9F-4F57-80FF-038E0740C737}.Debug|x86.ActiveCfg = Debug|Any CPU
		{EE06499D-FB9F-4F57-80FF-038E0740C737}.Release|Any CPU.ActiveCfg = Release|Any CPU
		{EE06499D-FB9F-4F57-80FF-038E0740C737}.Release|Any CPU.Build.0 = Release|Any CPU
		{EE06499D-FB9F-4F57-80FF-038E0740C737}.Release|Mixed Platforms.ActiveCfg = Release|Any CPU
		{EE06499D-FB9F-4F57-80FF-038E0740C737}.Release|Mixed Platforms.Build.0 = Release|Any CPU
		{EE06499D-FB9F-4F57-80FF-038E0740C737}.Release|x86.ActiveCfg = Release|Any CPU
		{91EFF920-5E31-449A-9720-414025749209}.Debug|Any CPU.ActiveCfg = Debug|Any CPU
		{91EFF920-5E31-449A-9720-414025749209}.Debug|Any CPU.Build.0 = Debug|Any CPU
		{91EFF920-5E31-449A-9720-414025749209}.Debug|Mixed Platforms.ActiveCfg = Debug|Any CPU
		{91EFF920-5E31-449A-9720-414025749209}.Debug|Mixed Platforms.Build.0 = Debug|Any CPU
		{91EFF920-5E31-449A-9720-414025749209}.Debug|x86.ActiveCfg = Debug|Any CPU
		{91EFF920-5E31-449A-9720-414025749209}.Release|Any CPU.ActiveCfg = Release|Any CPU
		{91EFF920-5E31-449A-9720-414025749209}.Release|Any CPU.Build.0 = Release|Any CPU
		{91EFF920-5E31-449A-9720-414025749209}.Release|Mixed Platforms.ActiveCfg = Release|Any CPU
		{91EFF920-5E31-449A-9720-414025749209}.Release|Mixed Platforms.Build.0 = Release|Any CPU
		{91EFF920-5E31-449A-9720-414025749209}.Release|x86.ActiveCfg = Release|Any CPU
		{B5A4C93E-234E-4C39-BF4C-4C3FD4A8EF3B}.Debug|Any CPU.ActiveCfg = Debug|Any CPU
		{B5A4C93E-234E-4C39-BF4C-4C3FD4A8EF3B}.Debug|Any CPU.Build.0 = Debug|Any CPU
		{B5A4C93E-234E-4C39-BF4C-4C3FD4A8EF3B}.Debug|Mixed Platforms.ActiveCfg = Debug|Any CPU
		{B5A4C93E-234E-4C39-BF4C-4C3FD4A8EF3B}.Debug|Mixed Platforms.Build.0 = Debug|Any CPU
		{B5A4C93E-234E-4C39-BF4C-4C3FD4A8EF3B}.Debug|x86.ActiveCfg = Debug|Any CPU
		{B5A4C93E-234E-4C39-BF4C-4C3FD4A8EF3B}.Release|Any CPU.ActiveCfg = Release|Any CPU
		{B5A4C93E-234E-4C39-BF4C-4C3FD4A8EF3B}.Release|Any CPU.Build.0 = Release|Any CPU
		{B5A4C93E-234E-4C39-BF4C-4C3FD4A8EF3B}.Release|Mixed Platforms.ActiveCfg = Release|Any CPU
		{B5A4C93E-234E-4C39-BF4C-4C3FD4A8EF3B}.Release|Mixed Platforms.Build.0 = Release|Any CPU
		{B5A4C93E-234E-4C39-BF4C-4C3FD4A8EF3B}.Release|x86.ActiveCfg = Release|Any CPU
		{53370571-D091-4945-A1B3-D6FDEA04C267}.Debug|Any CPU.ActiveCfg = Debug|x86
		{53370571-D091-4945-A1B3-D6FDEA04C267}.Debug|Mixed Platforms.ActiveCfg = Debug|x86
		{53370571-D091-4945-A1B3-D6FDEA04C267}.Debug|Mixed Platforms.Build.0 = Debug|x86
		{53370571-D091-4945-A1B3-D6FDEA04C267}.Debug|x86.ActiveCfg = Debug|x86
		{53370571-D091-4945-A1B3-D6FDEA04C267}.Debug|x86.Build.0 = Debug|x86
		{53370571-D091-4945-A1B3-D6FDEA04C267}.Release|Any CPU.ActiveCfg = Release|x86
		{53370571-D091-4945-A1B3-D6FDEA04C267}.Release|Mixed Platforms.ActiveCfg = Release|x86
		{53370571-D091-4945-A1B3-D6FDEA04C267}.Release|Mixed Platforms.Build.0 = Release|x86
		{53370571-D091-4945-A1B3-D6FDEA04C267}.Release|x86.ActiveCfg = Release|x86
		{53370571-D091-4945-A1B3-D6FDEA04C267}.Release|x86.Build.0 = Release|x86
		{AAFEE9CA-08B2-4350-BE9D-E1314DBDA065}.Debug|Any CPU.ActiveCfg = Debug|x86
		{AAFEE9CA-08B2-4350-BE9D-E1314DBDA065}.Debug|Mixed Platforms.ActiveCfg = Debug|x86
		{AAFEE9CA-08B2-4350-BE9D-E1314DBDA065}.Debug|Mixed Platforms.Build.0 = Debug|x86
		{AAFEE9CA-08B2-4350-BE9D-E1314DBDA065}.Debug|x86.ActiveCfg = Debug|x86
		{AAFEE9CA-08B2-4350-BE9D-E1314DBDA065}.Debug|x86.Build.0 = Debug|x86
		{AAFEE9CA-08B2-4350-BE9D-E1314DBDA065}.Release|Any CPU.ActiveCfg = Release|x86
		{AAFEE9CA-08B2-4350-BE9D-E1314DBDA065}.Release|Mixed Platforms.ActiveCfg = Release|x86
		{AAFEE9CA-08B2-4350-BE9D-E1314DBDA065}.Release|Mixed Platforms.Build.0 = Release|x86
		{AAFEE9CA-08B2-4350-BE9D-E1314DBDA065}.Release|x86.ActiveCfg = Release|x86
		{AAFEE9CA-08B2-4350-BE9D-E1314DBDA065}.Release|x86.Build.0 = Release|x86
		{0E6B1007-B57B-4AEC-8EB7-CC9177F08BE7}.Debug|Any CPU.ActiveCfg = Debug|Any CPU
		{0E6B1007-B57B-4AEC-8EB7-CC9177F08BE7}.Debug|Any CPU.Build.0 = Debug|Any CPU
		{0E6B1007-B57B-4AEC-8EB7-CC9177F08BE7}.Debug|Mixed Platforms.ActiveCfg = Debug|Any CPU
		{0E6B1007-B57B-4AEC-8EB7-CC9177F08BE7}.Debug|Mixed Platforms.Build.0 = Debug|Any CPU
		{0E6B1007-B57B-4AEC-8EB7-CC9177F08BE7}.Debug|x86.ActiveCfg = Debug|Any CPU
		{0E6B1007-B57B-4AEC-8EB7-CC9177F08BE7}.Release|Any CPU.ActiveCfg = Release|Any CPU
		{0E6B1007-B57B-4AEC-8EB7-CC9177F08BE7}.Release|Any CPU.Build.0 = Release|Any CPU
		{0E6B1007-B57B-4AEC-8EB7-CC9177F08BE7}.Release|Mixed Platforms.ActiveCfg = Release|Any CPU
		{0E6B1007-B57B-4AEC-8EB7-CC9177F08BE7}.Release|Mixed Platforms.Build.0 = Release|Any CPU
		{0E6B1007-B57B-4AEC-8EB7-CC9177F08BE7}.Release|x86.ActiveCfg = Release|Any CPU
		{E3472C08-F7CC-42A2-B7E9-3DEF7885BC33}.Debug|Any CPU.ActiveCfg = Debug|x86
		{E3472C08-F7CC-42A2-B7E9-3DEF7885BC33}.Debug|Mixed Platforms.ActiveCfg = Debug|x86
		{E3472C08-F7CC-42A2-B7E9-3DEF7885BC33}.Debug|Mixed Platforms.Build.0 = Debug|x86
		{E3472C08-F7CC-42A2-B7E9-3DEF7885BC33}.Debug|x86.ActiveCfg = Debug|x86
		{E3472C08-F7CC-42A2-B7E9-3DEF7885BC33}.Debug|x86.Build.0 = Debug|x86
		{E3472C08-F7CC-42A2-B7E9-3DEF7885BC33}.Release|Any CPU.ActiveCfg = Release|x86
		{E3472C08-F7CC-42A2-B7E9-3DEF7885BC33}.Release|Mixed Platforms.ActiveCfg = Release|x86
		{E3472C08-F7CC-42A2-B7E9-3DEF7885BC33}.Release|Mixed Platforms.Build.0 = Release|x86
		{E3472C08-F7CC-42A2-B7E9-3DEF7885BC33}.Release|x86.ActiveCfg = Release|x86
		{E3472C08-F7CC-42A2-B7E9-3DEF7885BC33}.Release|x86.Build.0 = Release|x86
		{4702AC79-58F8-4FC1-ABC4-840DED791F48}.Debug|Any CPU.ActiveCfg = Debug|Any CPU
		{4702AC79-58F8-4FC1-ABC4-840DED791F48}.Debug|Any CPU.Build.0 = Debug|Any CPU
		{4702AC79-58F8-4FC1-ABC4-840DED791F48}.Debug|Mixed Platforms.ActiveCfg = Debug|Any CPU
		{4702AC79-58F8-4FC1-ABC4-840DED791F48}.Debug|Mixed Platforms.Build.0 = Debug|Any CPU
		{4702AC79-58F8-4FC1-ABC4-840DED791F48}.Debug|x86.ActiveCfg = Debug|Any CPU
		{4702AC79-58F8-4FC1-ABC4-840DED791F48}.Release|Any CPU.ActiveCfg = Release|Any CPU
		{4702AC79-58F8-4FC1-ABC4-840DED791F48}.Release|Any CPU.Build.0 = Release|Any CPU
		{4702AC79-58F8-4FC1-ABC4-840DED791F48}.Release|Mixed Platforms.ActiveCfg = Release|Any CPU
		{4702AC79-58F8-4FC1-ABC4-840DED791F48}.Release|Mixed Platforms.Build.0 = Release|Any CPU
		{4702AC79-58F8-4FC1-ABC4-840DED791F48}.Release|x86.ActiveCfg = Release|Any CPU
	EndGlobalSection
	GlobalSection(SolutionProperties) = preSolution
		HideSolutionNode = FALSE
	EndGlobalSection
	GlobalSection(NestedProjects) = preSolution
		{92958A65-1F65-4B36-83C3-6FCA4F984B1F} = {05B0557D-B8E0-4E3B-A8E5-DF5AA532B855}
		{EE06499D-FB9F-4F57-80FF-038E0740C737} = {05B0557D-B8E0-4E3B-A8E5-DF5AA532B855}
		{B5A4C93E-234E-4C39-BF4C-4C3FD4A8EF3B} = {05B0557D-B8E0-4E3B-A8E5-DF5AA532B855}
		{520BE732-4321-4BC1-8182-FF44B5215C5C} = {CD086AF4-FBD2-40BA-AAB7-A10E7180D64F}
		{B492A802-DD38-4F46-8911-7DF5509EE240} = {CD086AF4-FBD2-40BA-AAB7-A10E7180D64F}
		{92CF3196-0EBB-4C8C-8E6A-EE07FC3556F7} = {CD086AF4-FBD2-40BA-AAB7-A10E7180D64F}
		{9115547E-2CB4-457D-9D09-678EB35D9A93} = {CD086AF4-FBD2-40BA-AAB7-A10E7180D64F}
		{E3038A36-FB06-42B0-B1B4-713E92E329ED} = {CD086AF4-FBD2-40BA-AAB7-A10E7180D64F}
		{91EFF920-5E31-449A-9720-414025749209} = {CD086AF4-FBD2-40BA-AAB7-A10E7180D64F}
		{AAFEE9CA-08B2-4350-BE9D-E1314DBDA065} = {CD086AF4-FBD2-40BA-AAB7-A10E7180D64F}
		{4702AC79-58F8-4FC1-ABC4-840DED791F48} = {CD086AF4-FBD2-40BA-AAB7-A10E7180D64F}
		{53370571-D091-4945-A1B3-D6FDEA04C267} = {940ECE13-3D1D-414F-8059-26376387CA6D}
		{0E6B1007-B57B-4AEC-8EB7-CC9177F08BE7} = {940ECE13-3D1D-414F-8059-26376387CA6D}
		{E3472C08-F7CC-42A2-B7E9-3DEF7885BC33} = {940ECE13-3D1D-414F-8059-26376387CA6D}
	EndGlobalSection
EndGlobal
